<?xml version="1.0" encoding="utf-8"?>
<Project ToolsVersion="4.0" xmlns="http://schemas.microsoft.com/developer/msbuild/2003">
  <ItemGroup>
    <Filter Include="Source Files">
      <UniqueIdentifier>{4FC737F1-C7A5-4376-A066-2A32D752A2FF}</UniqueIdentifier>
      <Extensions>cpp;c;cc;cxx;def;odl;idl;hpj;bat;asm;asmx</Extensions>
    </Filter>
    <Filter Include="Header Files">
      <UniqueIdentifier>{93995380-89BD-4b04-88EB-625FBE52EBFB}</UniqueIdentifier>
      <Extensions>h;hh;hpp;hxx;hm;inl;inc;ipp;xsd</Extensions>
    </Filter>
    <Filter Include="Resource Files">
      <UniqueIdentifier>{67DA6AB6-F800-4c08-8B7A-83BB121AAD01}</UniqueIdentifier>
      <Extensions>rc;ico;cur;bmp;dlg;rc2;rct;bin;rgs;gif;jpg;jpeg;jpe;resx;tiff;tif;png;wav;mfcribbon-ms</Extensions>
    </Filter>
    <Filter Include="Header Files\Portaudio Files">
      <UniqueIdentifier>{7af37e32-0a4d-4a52-adc1-2025ae33a022}</UniqueIdentifier>
    </Filter>
    <Filter Include="Header Files\Efectos">
      <UniqueIdentifier>{88f21f92-e18f-4611-901f-4cbbfedbad8f}</UniqueIdentifier>
    </Filter>
    <Filter Include="Source Files\Efectos">
      <UniqueIdentifier>{7456aec5-c983-452d-99d2-1d1ee9a055ec}</UniqueIdentifier>
    </Filter>
    <Filter Include="Header Files\Para efectos">
      <UniqueIdentifier>{8e6ffcd2-1d77-40ef-9433-5e74cbb4a414}</UniqueIdentifier>
    </Filter>
    <Filter Include="Source Files\Para efectos">
      <UniqueIdentifier>{afbddc81-d3cc-47e4-a61c-498d9216b979}</UniqueIdentifier>
    </Filter>
  </ItemGroup>
  <ItemGroup>
    <ClCompile Include="main.cpp">
      <Filter>Source Files</Filter>
    </ClCompile>
    <ClCompile Include="Effect.cpp">
      <Filter>Source Files</Filter>
    </ClCompile>
    <ClCompile Include="AudioEffects.cpp">
      <Filter>Source Files</Filter>
    </ClCompile>
    <ClCompile Include="Interface.cpp">
      <Filter>Source Files</Filter>
    </ClCompile>
    <ClCompile Include="Fuzz.cpp">
      <Filter>Source Files\Efectos</Filter>
    </ClCompile>
    <ClCompile Include="Delay.cpp">
      <Filter>Source Files\Efectos</Filter>
    </ClCompile>
    <ClCompile Include="Reverb.cpp">
      <Filter>Source Files\Efectos</Filter>
    </ClCompile>
    <ClCompile Include="Flanger.cpp">
      <Filter>Source Files\Efectos</Filter>
    </ClCompile>
    <ClCompile Include="BasicReverberator.cpp">
      <Filter>Source Files\Para efectos</Filter>
    </ClCompile>
    <ClCompile Include="CombReverberator.cpp">
      <Filter>Source Files\Para efectos</Filter>
    </ClCompile>
    <ClCompile Include="PlaneReverb.cpp">
      <Filter>Source Files\Para efectos</Filter>
    </ClCompile>
    <ClCompile Include="CombReverbLP.cpp">
      <Filter>Source Files\Para efectos</Filter>
    </ClCompile>
    <ClCompile Include="Chorus.cpp">
      <Filter>Source Files\Efectos</Filter>
    </ClCompile>
    <ClCompile Include="Vibrato.cpp">
      <Filter>Source Files\Efectos</Filter>
    </ClCompile>
    <ClCompile Include="BandRejectIIROrder2.cpp">
      <Filter>Source Files\Para efectos</Filter>
    </ClCompile>
    <ClCompile Include="VarBRFilter.cpp">
      <Filter>Source Files\Para efectos</Filter>
    </ClCompile>
    <ClCompile Include="Phaser.cpp">
      <Filter>Source Files\Efectos</Filter>
    </ClCompile>
  </ItemGroup>
  <ItemGroup>
    <ClInclude Include="pa_asio.h">
      <Filter>Header Files\Portaudio Files</Filter>
    </ClInclude>
    <ClInclude Include="pa_jack.h">
      <Filter>Header Files\Portaudio Files</Filter>
    </ClInclude>
    <ClInclude Include="pa_linux_alsa.h">
      <Filter>Header Files\Portaudio Files</Filter>
    </ClInclude>
    <ClInclude Include="pa_mac_core.h">
      <Filter>Header Files\Portaudio Files</Filter>
    </ClInclude>
    <ClInclude Include="pa_win_ds.h">
      <Filter>Header Files\Portaudio Files</Filter>
    </ClInclude>
    <ClInclude Include="pa_win_wasapi.h">
      <Filter>Header Files\Portaudio Files</Filter>
    </ClInclude>
    <ClInclude Include="pa_win_waveformat.h">
      <Filter>Header Files\Portaudio Files</Filter>
    </ClInclude>
    <ClInclude Include="pa_win_wdmks.h">
      <Filter>Header Files\Portaudio Files</Filter>
    </ClInclude>
    <ClInclude Include="pa_win_wmme.h">
      <Filter>Header Files\Portaudio Files</Filter>
    </ClInclude>
    <ClInclude Include="portaudio.h">
      <Filter>Header Files\Portaudio Files</Filter>
    </ClInclude>
    <ClInclude Include="Effect.h">
      <Filter>Header Files</Filter>
    </ClInclude>
    <ClInclude Include="AudioEffects.h">
      <Filter>Header Files</Filter>
    </ClInclude>
    <ClInclude Include="Interface.h">
      <Filter>Header Files</Filter>
    </ClInclude>
    <ClInclude Include="Fuzz.h">
      <Filter>Header Files\Efectos</Filter>
    </ClInclude>
    <ClInclude Include="Delay.h">
      <Filter>Header Files\Efectos</Filter>
    </ClInclude>
    <ClInclude Include="Reverb.h">
      <Filter>Header Files\Efectos</Filter>
    </ClInclude>
    <ClInclude Include="Flanger.h">
      <Filter>Header Files\Efectos</Filter>
    </ClInclude>
    <ClInclude Include="BasicReverberator.h">
      <Filter>Header Files\Para efectos</Filter>
    </ClInclude>
    <ClInclude Include="CombReverberator.h">
      <Filter>Header Files\Para efectos</Filter>
    </ClInclude>
    <ClInclude Include="PlaneReverb.h">
      <Filter>Header Files\Para efectos</Filter>
    </ClInclude>
    <ClInclude Include="CombReverbLP.h">
      <Filter>Header Files\Para efectos</Filter>
    </ClInclude>
    <ClInclude Include="Chorus.h">
      <Filter>Header Files\Efectos</Filter>
    </ClInclude>
    <ClInclude Include="Vibrato.h">
      <Filter>Header Files\Efectos</Filter>
    </ClInclude>
    <ClInclude Include="BandRejectIIROrder2.h">
      <Filter>Header Files\Para efectos</Filter>
    </ClInclude>
    <ClInclude Include="VarBRFilter.h">
      <Filter>Header Files\Para efectos</Filter>
    </ClInclude>
    <ClInclude Include="Phaser.h">
      <Filter>Header Files\Efectos</Filter>
    </ClInclude>
  </ItemGroup>
</Project>